
Microsoft Visual Studio Solution File, Format Version 12.00
# Visual Studio 2012
Project("{FAE04EC0-301F-11D3-BF4B-00C04F79EFBC}") = "PriceCalculator.Library", "PriceCalculator.Library\PriceCalculator.Library.csproj", "{73625D77-AB8E-4D59-BA80-DFDC693AE3EA}"
EndProject
Project("{FAE04EC0-301F-11D3-BF4B-00C04F79EFBC}") = "PriceCalculator.Library.Tests", "PriceCalculator.Library.Tests\PriceCalculator.Library.Tests.csproj", "{60E24034-9E61-484B-8BC4-852F1BE031E8}"
EndProject
Project("{2150E333-8FDC-42A3-9474-1A3956D46DE8}") = ".nuget", ".nuget", "{95DAD0B3-2938-42A4-8857-8780B483AADB}"
	ProjectSection(SolutionItems) = preProject
		.nuget\packages.config = .nuget\packages.config
	EndProjectSection
EndProject
Global
	GlobalSection(SolutionConfigurationPlatforms) = preSolution
		Debug|Any CPU = Debug|Any CPU
		Release|Any CPU = Release|Any CPU
	EndGlobalSection
	GlobalSection(ProjectConfigurationPlatforms) = postSolution
		{73625D77-AB8E-4D59-BA80-DFDC693AE3EA}.Debug|Any CPU.ActiveCfg = Debug|Any CPU
		{73625D77-AB8E-4D59-BA80-DFDC693AE3EA}.Debug|Any CPU.Build.0 = Debug|Any CPU
		{73625D77-AB8E-4D59-BA80-DFDC693AE3EA}.Release|Any CPU.ActiveCfg = Release|Any CPU
		{73625D77-AB8E-4D59-BA80-DFDC693AE3EA}.Release|Any CPU.Build.0 = Release|Any CPU
		{60E24034-9E61-484B-8BC4-852F1BE031E8}.Debug|Any CPU.ActiveCfg = Debug|Any CPU
		{60E24034-9E61-484B-8BC4-852F1BE031E8}.Debug|Any CPU.Build.0 = Debug|Any CPU
		{60E24034-9E61-484B-8BC4-852F1BE031E8}.Release|Any CPU.ActiveCfg = Release|Any CPU
		{60E24034-9E61-484B-8BC4-852F1BE031E8}.Release|Any CPU.Build.0 = Release|Any CPU
	EndGlobalSection
	GlobalSection(SolutionProperties) = preSolution
		HideSolutionNode = FALSE
	EndGlobalSection
EndGlobal
